// !$*UTF8*$!
{
	archiveVersion = 1;
	classes = {
	};
	objectVersion = 50;
	objects = {

/* Begin PBXBuildFile section */
		7FF9A05F23AB3290003440E0 /* AppDelegate.swift in Sources */ = {isa = PBXBuildFile; fileRef = 7FF9A05E23AB3290003440E0 /* AppDelegate.swift */; };
		7FF9A06123AB3290003440E0 /* ViewController.swift in Sources */ = {isa = PBXBuildFile; fileRef = 7FF9A06023AB3290003440E0 /* ViewController.swift */; };
		7FF9A06423AB3290003440E0 /* Main.storyboard in Resources */ = {isa = PBXBuildFile; fileRef = 7FF9A06223AB3290003440E0 /* Main.storyboard */; };
		7FF9A06623AB3291003440E0 /* Assets.xcassets in Resources */ = {isa = PBXBuildFile; fileRef = 7FF9A06523AB3291003440E0 /* Assets.xcassets */; };
		7FF9A06923AB3291003440E0 /* LaunchScreen.storyboard in Resources */ = {isa = PBXBuildFile; fileRef = 7FF9A06723AB3291003440E0 /* LaunchScreen.storyboard */; };
		7FF9A07423AB3291003440E0 /* TravelingTests.swift in Sources */ = {isa = PBXBuildFile; fileRef = 7FF9A07323AB3291003440E0 /* TravelingTests.swift */; };
		7FF9A07F23AB3291003440E0 /* TravelingUITests.swift in Sources */ = {isa = PBXBuildFile; fileRef = 7FF9A07E23AB3291003440E0 /* TravelingUITests.swift */; };
/* End PBXBuildFile section */

/* Begin PBXContainerItemProxy section */
		7FF9A07023AB3291003440E0 /* PBXContainerItemProxy */ = {
			isa = PBXContainerItemProxy;
			containerPortal = 7FF9A05323AB3290003440E0 /* Project object */;
			proxyType = 1;
			remoteGlobalIDString = 7FF9A05A23AB3290003440E0;
			remoteInfo = Traveling;
		};
		7FF9A07B23AB3291003440E0 /* PBXContainerItemProxy */ = {
			isa = PBXContainerItemProxy;
			containerPortal = 7FF9A05323AB3290003440E0 /* Project object */;
			proxyType = 1;
			remoteGlobalIDString = 7FF9A05A23AB3290003440E0;
			remoteInfo = Traveling;
		};
/* End PBXContainerItemProxy section */

/* Begin PBXFileReference section */
		7FF9A05B23AB3290003440E0 /* Traveling.app */ = {isa = PBXFileReference; explicitFileType = wrapper.application; includeInIndex = 0; path = Traveling.app; sourceTree = BUILT_PRODUCTS_DIR; };
		7FF9A05E23AB3290003440E0 /* AppDelegate.swift */ = {isa = PBXFileReference; lastKnownFileType = sourcecode.swift; path = AppDelegate.swift; sourceTree = "<group>"; };
		7FF9A06023AB3290003440E0 /* ViewController.swift */ = {isa = PBXFileReference; lastKnownFileType = sourcecode.swift; path = ViewController.swift; sourceTree = "<group>"; };
		7FF9A06323AB3290003440E0 /* Base */ = {isa = PBXFileReference; lastKnownFileType = file.storyboard; name = Base; path = Base.lproj/Main.storyboard; sourceTree = "<group>"; };
		7FF9A06523AB3291003440E0 /* Assets.xcassets */ = {isa = PBXFileReference; lastKnownFileType = folder.assetcatalog; path = Assets.xcassets; sourceTree = "<group>"; };
		7FF9A06823AB3291003440E0 /* Base */ = {isa = PBXFileReference; lastKnownFileType = file.storyboard; name = Base; path = Base.lproj/LaunchScreen.storyboard; sourceTree = "<group>"; };
		7FF9A06A23AB3291003440E0 /* Info.plist */ = {isa = PBXFileReference; lastKnownFileType = text.plist.xml; path = Info.plist; sourceTree = "<group>"; };
		7FF9A06F23AB3291003440E0 /* TravelingTests.xctest */ = {isa = PBXFileReference; explicitFileType = wrapper.cfbundle; includeInIndex = 0; path = TravelingTests.xctest; sourceTree = BUILT_PRODUCTS_DIR; };
		7FF9A07323AB3291003440E0 /* TravelingTests.swift */ = {isa = PBXFileReference; lastKnownFileType = sourcecode.swift; path = TravelingTests.swift; sourceTree = "<group>"; };
		7FF9A07523AB3291003440E0 /* Info.plist */ = {isa = PBXFileReference; lastKnownFileType = text.plist.xml; path = Info.plist; sourceTree = "<group>"; };
		7FF9A07A23AB3291003440E0 /* TravelingUITests.xctest */ = {isa = PBXFileReference; explicitFileType = wrapper.cfbundle; includeInIndex = 0; path = TravelingUITests.xctest; sourceTree = BUILT_PRODUCTS_DIR; };
		7FF9A07E23AB3291003440E0 /* TravelingUITests.swift */ = {isa = PBXFileReference; lastKnownFileType = sourcecode.swift; path = TravelingUITests.swift; sourceTree = "<group>"; };
		7FF9A08023AB3291003440E0 /* Info.plist */ = {isa = PBXFileReference; lastKnownFileType = text.plist.xml; path = Info.plist; sourceTree = "<group>"; };
		7FF9A08E23AB32C5003440E0 /* Debug.xcconfig */ = {isa = PBXFileReference; lastKnownFileType = text.xcconfig; path = Debug.xcconfig; sourceTree = "<group>"; };
		7FF9A08F23AB32D3003440E0 /* Release.xcconfig */ = {isa = PBXFileReference; lastKnownFileType = text.xcconfig; path = Release.xcconfig; sourceTree = "<group>"; };
/* End PBXFileReference section */

/* Begin PBXFrameworksBuildPhase section */
		7FF9A05823AB3290003440E0 /* Frameworks */ = {
			isa = PBXFrameworksBuildPhase;
			buildActionMask = 2147483647;
			files = (
			);
			runOnlyForDeploymentPostprocessing = 0;
		};
		7FF9A06C23AB3291003440E0 /* Frameworks */ = {
			isa = PBXFrameworksBuildPhase;
			buildActionMask = 2147483647;
			files = (
			);
			runOnlyForDeploymentPostprocessing = 0;
		};
		7FF9A07723AB3291003440E0 /* Frameworks */ = {
			isa = PBXFrameworksBuildPhase;
			buildActionMask = 2147483647;
			files = (
			);
			runOnlyForDeploymentPostprocessing = 0;
		};
/* End PBXFrameworksBuildPhase section */

/* Begin PBXGroup section */
		7FF9A05223AB3290003440E0 = {
			isa = PBXGroup;
			children = (
				7FF9A05D23AB3290003440E0 /* Traveling */,
				7FF9A07223AB3291003440E0 /* TravelingTests */,
				7FF9A07D23AB3291003440E0 /* TravelingUITests */,
				7FF9A05C23AB3290003440E0 /* Products */,
			);
			sourceTree = "<group>";
		};
		7FF9A05C23AB3290003440E0 /* Products */ = {
			isa = PBXGroup;
			children = (
				7FF9A05B23AB3290003440E0 /* Traveling.app */,
				7FF9A06F23AB3291003440E0 /* TravelingTests.xctest */,
				7FF9A07A23AB3291003440E0 /* TravelingUITests.xctest */,
			);
			name = Products;
			sourceTree = "<group>";
		};
		7FF9A05D23AB3290003440E0 /* Traveling */ = {
			isa = PBXGroup;
			children = (
				7FF9A08D23AB32B5003440E0 /* Config */,
				7FF9A05E23AB3290003440E0 /* AppDelegate.swift */,
				7FF9A06023AB3290003440E0 /* ViewController.swift */,
				7FF9A06223AB3290003440E0 /* Main.storyboard */,
				7FF9A06523AB3291003440E0 /* Assets.xcassets */,
				7FF9A06723AB3291003440E0 /* LaunchScreen.storyboard */,
				7FF9A06A23AB3291003440E0 /* Info.plist */,
			);
			path = Traveling;
			sourceTree = "<group>";
		};
		7FF9A07223AB3291003440E0 /* TravelingTests */ = {
			isa = PBXGroup;
			children = (
				7FF9A07323AB3291003440E0 /* TravelingTests.swift */,
				7FF9A07523AB3291003440E0 /* Info.plist */,
			);
			path = TravelingTests;
			sourceTree = "<group>";
		};
		7FF9A07D23AB3291003440E0 /* TravelingUITests */ = {
			isa = PBXGroup;
			children = (
				7FF9A07E23AB3291003440E0 /* TravelingUITests.swift */,
				7FF9A08023AB3291003440E0 /* Info.plist */,
			);
			path = TravelingUITests;
			sourceTree = "<group>";
		};
		7FF9A08D23AB32B5003440E0 /* Config */ = {
			isa = PBXGroup;
			children = (
				7FF9A08E23AB32C5003440E0 /* Debug.xcconfig */,
				7FF9A08F23AB32D3003440E0 /* Release.xcconfig */,
			);
			path = Config;
			sourceTree = "<group>";
		};
/* End PBXGroup section */

/* Begin PBXNativeTarget section */
		7FF9A05A23AB3290003440E0 /* Traveling */ = {
			isa = PBXNativeTarget;
			buildConfigurationList = 7FF9A08323AB3291003440E0 /* Build configuration list for PBXNativeTarget "Traveling" */;
			buildPhases = (
				7FF9A05723AB3290003440E0 /* Sources */,
				7FF9A05823AB3290003440E0 /* Frameworks */,
				7FF9A05923AB3290003440E0 /* Resources */,
			);
			buildRules = (
			);
			dependencies = (
			);
			name = Traveling;
			productName = Traveling;
			productReference = 7FF9A05B23AB3290003440E0 /* Traveling.app */;
			productType = "com.apple.product-type.application";
		};
		7FF9A06E23AB3291003440E0 /* TravelingTests */ = {
			isa = PBXNativeTarget;
			buildConfigurationList = 7FF9A08623AB3291003440E0 /* Build configuration list for PBXNativeTarget "TravelingTests" */;
			buildPhases = (
				7FF9A06B23AB3291003440E0 /* Sources */,
				7FF9A06C23AB3291003440E0 /* Frameworks */,
				7FF9A06D23AB3291003440E0 /* Resources */,
			);
			buildRules = (
			);
			dependencies = (
				7FF9A07123AB3291003440E0 /* PBXTargetDependency */,
			);
			name = TravelingTests;
			productName = TravelingTests;
			productReference = 7FF9A06F23AB3291003440E0 /* TravelingTests.xctest */;
			productType = "com.apple.product-type.bundle.unit-test";
		};
		7FF9A07923AB3291003440E0 /* TravelingUITests */ = {
			isa = PBXNativeTarget;
			buildConfigurationList = 7FF9A08923AB3291003440E0 /* Build configuration list for PBXNativeTarget "TravelingUITests" */;
			buildPhases = (
				7FF9A07623AB3291003440E0 /* Sources */,
				7FF9A07723AB3291003440E0 /* Frameworks */,
				7FF9A07823AB3291003440E0 /* Resources */,
			);
			buildRules = (
			);
			dependencies = (
				7FF9A07C23AB3291003440E0 /* PBXTargetDependency */,
			);
			name = TravelingUITests;
			productName = TravelingUITests;
			productReference = 7FF9A07A23AB3291003440E0 /* TravelingUITests.xctest */;
			productType = "com.apple.product-type.bundle.ui-testing";
		};
/* End PBXNativeTarget section */

/* Begin PBXProject section */
		7FF9A05323AB3290003440E0 /* Project object */ = {
			isa = PBXProject;
			attributes = {
				LastSwiftUpdateCheck = 1020;
				LastUpgradeCheck = 1020;
				ORGANIZATIONNAME = "Le Nam";
				TargetAttributes = {
					7FF9A05A23AB3290003440E0 = {
						CreatedOnToolsVersion = 10.2.1;
					};
					7FF9A06E23AB3291003440E0 = {
						CreatedOnToolsVersion = 10.2.1;
						TestTargetID = 7FF9A05A23AB3290003440E0;
					};
					7FF9A07923AB3291003440E0 = {
						CreatedOnToolsVersion = 10.2.1;
						TestTargetID = 7FF9A05A23AB3290003440E0;
					};
				};
			};
			buildConfigurationList = 7FF9A05623AB3290003440E0 /* Build configuration list for PBXProject "Traveling" */;
			compatibilityVersion = "Xcode 9.3";
			developmentRegion = en;
			hasScannedForEncodings = 0;
			knownRegions = (
				en,
				Base,
			);
			mainGroup = 7FF9A05223AB3290003440E0;
			productRefGroup = 7FF9A05C23AB3290003440E0 /* Products */;
			projectDirPath = "";
			projectRoot = "";
			targets = (
				7FF9A05A23AB3290003440E0 /* Traveling */,
				7FF9A06E23AB3291003440E0 /* TravelingTests */,
				7FF9A07923AB3291003440E0 /* TravelingUITests */,
			);
		};
/* End PBXProject section */

/* Begin PBXResourcesBuildPhase section */
		7FF9A05923AB3290003440E0 /* Resources */ = {
			isa = PBXResourcesBuildPhase;
			buildActionMask = 2147483647;
			files = (
				7FF9A06923AB3291003440E0 /* LaunchScreen.storyboard in Resources */,
				7FF9A06623AB3291003440E0 /* Assets.xcassets in Resources */,
				7FF9A06423AB3290003440E0 /* Main.storyboard in Resources */,
			);
			runOnlyForDeploymentPostprocessing = 0;
		};
		7FF9A06D23AB3291003440E0 /* Resources */ = {
			isa = PBXResourcesBuildPhase;
			buildActionMask = 2147483647;
			files = (
			);
			runOnlyForDeploymentPostprocessing = 0;
		};
		7FF9A07823AB3291003440E0 /* Resources */ = {
			isa = PBXResourcesBuildPhase;
			buildActionMask = 2147483647;
			files = (
			);
			runOnlyForDeploymentPostprocessing = 0;
		};
/* End PBXResourcesBuildPhase section */

/* Begin PBXSourcesBuildPhase section */
		7FF9A05723AB3290003440E0 /* Sources */ = {
			isa = PBXSourcesBuildPhase;
			buildActionMask = 2147483647;
			files = (
				7FF9A06123AB3290003440E0 /* ViewController.swift in Sources */,
				7FF9A05F23AB3290003440E0 /* AppDelegate.swift in Sources */,
			);
			runOnlyForDeploymentPostprocessing = 0;
		};
		7FF9A06B23AB3291003440E0 /* Sources */ = {
			isa = PBXSourcesBuildPhase;
			buildActionMask = 2147483647;
			files = (
				7FF9A07423AB3291003440E0 /* TravelingTests.swift in Sources */,
			);
			runOnlyForDeploymentPostprocessing = 0;
		};
		7FF9A07623AB3291003440E0 /* Sources */ = {
			isa = PBXSourcesBuildPhase;
			buildActionMask = 2147483647;
			files = (
				7FF9A07F23AB3291003440E0 /* TravelingUITests.swift in Sources */,
			);
			runOnlyForDeploymentPostprocessing = 0;
		};
/* End PBXSourcesBuildPhase section */

/* Begin PBXTargetDependency section */
		7FF9A07123AB3291003440E0 /* PBXTargetDependency */ = {
			isa = PBXTargetDependency;
			target = 7FF9A05A23AB3290003440E0 /* Traveling */;
			targetProxy = 7FF9A07023AB3291003440E0 /* PBXContainerItemProxy */;
		};
		7FF9A07C23AB3291003440E0 /* PBXTargetDependency */ = {
			isa = PBXTargetDependency;
			target = 7FF9A05A23AB3290003440E0 /* Traveling */;
			targetProxy = 7FF9A07B23AB3291003440E0 /* PBXContainerItemProxy */;
		};
/* End PBXTargetDependency section */

/* Begin PBXVariantGroup section */
		7FF9A06223AB3290003440E0 /* Main.storyboard */ = {
			isa = PBXVariantGroup;
			children = (
				7FF9A06323AB3290003440E0 /* Base */,
			);
			name = Main.storyboard;
			sourceTree = "<group>";
		};
		7FF9A06723AB3291003440E0 /* LaunchScreen.storyboard */ = {
			isa = PBXVariantGroup;
			children = (
				7FF9A06823AB3291003440E0 /* Base */,
			);
			name = LaunchScreen.storyboard;
			sourceTree = "<group>";
		};
/* End PBXVariantGroup section */

/* Begin XCBuildConfiguration section */
		7FF9A08123AB3291003440E0 /* Debug */ = {
			isa = XCBuildConfiguration;
			baseConfigurationReference = 7FF9A08E23AB32C5003440E0 /* Debug.xcconfig */;
			buildSettings = {
				ALWAYS_SEARCH_USER_PATHS = NO;
				CLANG_ANALYZER_NONNULL = YES;
				CLANG_ANALYZER_NUMBER_OBJECT_CONVERSION = YES_AGGRESSIVE;
				CLANG_CXX_LANGUAGE_STANDARD = "gnu++14";
				CLANG_CXX_LIBRARY = "libc++";
				CLANG_ENABLE_MODULES = YES;
				CLANG_ENABLE_OBJC_ARC = YES;
				CLANG_ENABLE_OBJC_WEAK = YES;
				CLANG_WARN_BLOCK_CAPTURE_AUTORELEASING = YES;
				CLANG_WARN_BOOL_CONVERSION = YES;
				CLANG_WARN_COMMA = YES;
				CLANG_WARN_CONSTANT_CONVERSION = YES;
				CLANG_WARN_DEPRECATED_OBJC_IMPLEMENTATIONS = YES;
				CLANG_WARN_DIRECT_OBJC_ISA_USAGE = YES_ERROR;
				CLANG_WARN_DOCUMENTATION_COMMENTS = YES;
				CLANG_WARN_EMPTY_BODY = YES;
				CLANG_WARN_ENUM_CONVERSION = YES;
				CLANG_WARN_INFINITE_RECURSION = YES;
				CLANG_WARN_INT_CONVERSION = YES;
				CLANG_WARN_NON_LITERAL_NULL_CONVERSION = YES;
				CLANG_WARN_OBJC_IMPLICIT_RETAIN_SELF = YES;
				CLANG_WARN_OBJC_LITERAL_CONVERSION = YES;
				CLANG_WARN_OBJC_ROOT_CLASS = YES_ERROR;
				CLANG_WARN_RANGE_LOOP_ANALYSIS = YES;
				CLANG_WARN_STRICT_PROTOTYPES = YES;
				CLANG_WARN_SUSPICIOUS_MOVE = YES;
				CLANG_WARN_UNGUARDED_AVAILABILITY = YES_AGGRESSIVE;
				CLANG_WARN_UNREACHABLE_CODE = YES;
				CLANG_WARN__DUPLICATE_METHOD_MATCH = YES;
				CODE_SIGN_IDENTITY = "iPhone Developer";
				COPY_PHASE_STRIP = NO;
				DEBUG_INFORMATION_FORMAT = dwarf;
				ENABLE_STRICT_OBJC_MSGSEND = YES;
				ENABLE_TESTABILITY = YES;
				GCC_C_LANGUAGE_STANDARD = gnu11;
				GCC_DYNAMIC_NO_PIC = NO;
				GCC_NO_COMMON_BLOCKS = YES;
				GCC_OPTIMIZATION_LEVEL = 0;
				GCC_PREPROCESSOR_DEFINITIONS = (
					"DEBUG=1",
					"$(inherited)",
				);
				GCC_WARN_64_TO_32_BIT_CONVERSION = YES;
				GCC_WARN_ABOUT_RETURN_TYPE = YES_ERROR;
				GCC_WARN_UNDECLARED_SELECTOR = YES;
				GCC_WARN_UNINITIALIZED_AUTOS = YES_AGGRESSIVE;
				GCC_WARN_UNUSED_FUNCTION = YES;
				GCC_WARN_UNUSED_VARIABLE = YES;
				IPHONEOS_DEPLOYMENT_TARGET = 12.2;
				MTL_ENABLE_DEBUG_INFO = INCLUDE_SOURCE;
				MTL_FAST_MATH = YES;
				ONLY_ACTIVE_ARCH = YES;
				SDKROOT = iphoneos;
				SWIFT_ACTIVE_COMPILATION_CONDITIONS = DEBUG;
				SWIFT_OPTIMIZATION_LEVEL = "-Onone";
			};
			name = Debug;
		};
		7FF9A08223AB3291003440E0 /* Release */ = {
			isa = XCBuildConfiguration;
			baseConfigurationReference = 7FF9A08F23AB32D3003440E0 /* Release.xcconfig */;
			buildSettings = {
				ALWAYS_SEARCH_USER_PATHS = NO;
				CLANG_ANALYZER_NONNULL = YES;
				CLANG_ANALYZER_NUMBER_OBJECT_CONVERSION = YES_AGGRESSIVE;
				CLANG_CXX_LANGUAGE_STANDARD = "gnu++14";
				CLANG_CXX_LIBRARY = "libc++";
				CLANG_ENABLE_MODULES = YES;
				CLANG_ENABLE_OBJC_ARC = YES;
				CLANG_ENABLE_OBJC_WEAK = YES;
				CLANG_WARN_BLOCK_CAPTURE_AUTORELEASING = YES;
				CLANG_WARN_BOOL_CONVERSION = YES;
				CLANG_WARN_COMMA = YES;
				CLANG_WARN_CONSTANT_CONVERSION = YES;
				CLANG_WARN_DEPRECATED_OBJC_IMPLEMENTATIONS = YES;
				CLANG_WARN_DIRECT_OBJC_ISA_USAGE = YES_ERROR;
				CLANG_WARN_DOCUMENTATION_COMMENTS = YES;
				CLANG_WARN_EMPTY_BODY = YES;
				CLANG_WARN_ENUM_CONVERSION = YES;
				CLANG_WARN_INFINITE_RECURSION = YES;
				CLANG_WARN_INT_CONVERSION = YES;
				CLANG_WARN_NON_LITERAL_NULL_CONVERSION = YES;
				CLANG_WARN_OBJC_IMPLICIT_RETAIN_SELF = YES;
				CLANG_WARN_OBJC_LITERAL_CONVERSION = YES;
				CLANG_WARN_OBJC_ROOT_CLASS = YES_ERROR;
				CLANG_WARN_RANGE_LOOP_ANALYSIS = YES;
				CLANG_WARN_STRICT_PROTOTYPES = YES;
				CLANG_WARN_SUSPICIOUS_MOVE = YES;
				CLANG_WARN_UNGUARDED_AVAILABILITY = YES_AGGRESSIVE;
				CLANG_WARN_UNREACHABLE_CODE = YES;
				CLANG_WARN__DUPLICATE_METHOD_MATCH = YES;
				CODE_SIGN_IDENTITY = "iPhone Developer";
				COPY_PHASE_STRIP = NO;
				DEBUG_INFORMATION_FORMAT = "dwarf-with-dsym";
				ENABLE_NS_ASSERTIONS = NO;
				ENABLE_STRICT_OBJC_MSGSEND = YES;
				GCC_C_LANGUAGE_STANDARD = gnu11;
				GCC_NO_COMMON_BLOCKS = YES;
				GCC_WARN_64_TO_32_BIT_CONVERSION = YES;
				GCC_WARN_ABOUT_RETURN_TYPE = YES_ERROR;
				GCC_WARN_UNDECLARED_SELECTOR = YES;
				GCC_WARN_UNINITIALIZED_AUTOS = YES_AGGRESSIVE;
				GCC_WARN_UNUSED_FUNCTION = YES;
				GCC_WARN_UNUSED_VARIABLE = YES;
				IPHONEOS_DEPLOYMENT_TARGET = 12.2;
				MTL_ENABLE_DEBUG_INFO = NO;
				MTL_FAST_MATH = YES;
				SDKROOT = iphoneos;
				SWIFT_COMPILATION_MODE = wholemodule;
				SWIFT_OPTIMIZATION_LEVEL = "-O";
				VALIDATE_PRODUCT = YES;
			};
			name = Release;
		};
		7FF9A08423AB3291003440E0 /* Debug */ = {
			isa = XCBuildConfiguration;
			buildSettings = {
				ASSETCATALOG_COMPILER_APPICON_NAME = AppIcon;
				CODE_SIGN_STYLE = Automatic;
				DEVELOPMENT_TEAM = Y7KQSL9272;
				INFOPLIST_FILE = Traveling/Info.plist;
				LD_RUNPATH_SEARCH_PATHS = (
					"$(inherited)",
					"@executable_path/Frameworks",
				);
				PRODUCT_BUNDLE_IDENTIFIER = com.ndl.Traveling;
				PRODUCT_NAME = "$(TARGET_NAME)";
				SWIFT_VERSION = 5.0;
				TARGETED_DEVICE_FAMILY = "1,2";
			};
			name = Debug;
		};
		7FF9A08523AB3291003440E0 /* Release */ = {
			isa = XCBuildConfiguration;
			buildSettings = {
				ASSETCATALOG_COMPILER_APPICON_NAME = AppIcon;
				CODE_SIGN_STYLE = Automatic;
				DEVELOPMENT_TEAM = Y7KQSL9272;
				INFOPLIST_FILE = Traveling/Info.plist;
				LD_RUNPATH_SEARCH_PATHS = (
					"$(inherited)",
					"@executable_path/Frameworks",
				);
				PRODUCT_BUNDLE_IDENTIFIER = com.ndl.Traveling;
				PRODUCT_NAME = "$(TARGET_NAME)";
				SWIFT_VERSION = 5.0;
				TARGETED_DEVICE_FAMILY = "1,2";
			};
			name = Release;
		};
		7FF9A08723AB3291003440E0 /* Debug */ = {
			isa = XCBuildConfiguration;
			buildSettings = {
				ALWAYS_EMBED_SWIFT_STANDARD_LIBRARIES = YES;
				BUNDLE_LOADER = "$(TEST_HOST)";
				CODE_SIGN_STYLE = Automatic;
				DEVELOPMENT_TEAM = Y7KQSL9272;
				INFOPLIST_FILE = TravelingTests/Info.plist;
				LD_RUNPATH_SEARCH_PATHS = (
					"$(inherited)",
					"@executable_path/Frameworks",
					"@loader_path/Frameworks",
				);
				PRODUCT_BUNDLE_IDENTIFIER = com.ndl.TravelingTests;
				PRODUCT_NAME = "$(TARGET_NAME)";
				SWIFT_VERSION = 5.0;
				TARGETED_DEVICE_FAMILY = "1,2";
				TEST_HOST = "$(BUILT_PRODUCTS_DIR)/Traveling.app/Traveling";
			};
			name = Debug;
		};
		7FF9A08823AB3291003440E0 /* Release */ = {
			isa = XCBuildConfiguration;
			buildSettings = {
				ALWAYS_EMBED_SWIFT_STANDARD_LIBRARIES = YES;
				BUNDLE_LOADER = "$(TEST_HOST)";
				CODE_SIGN_STYLE = Automatic;
				DEVELOPMENT_TEAM = Y7KQSL9272;
				INFOPLIST_FILE = TravelingTests/Info.plist;
				LD_RUNPATH_SEARCH_PATHS = (
					"$(inherited)",
					"@executable_path/Frameworks",
					"@loader_path/Frameworks",
				);
				PRODUCT_BUNDLE_IDENTIFIER = com.ndl.TravelingTests;
				PRODUCT_NAME = "$(TARGET_NAME)";
				SWIFT_VERSION = 5.0;
				TARGETED_DEVICE_FAMILY = "1,2";
				TEST_HOST = "$(BUILT_PRODUCTS_DIR)/Traveling.app/Traveling";
			};
			name = Release;
		};
		7FF9A08A23AB3291003440E0 /* Debug */ = {
			isa = XCBuildConfiguration;
			buildSettings = {
				ALWAYS_EMBED_SWIFT_STANDARD_LIBRARIES = YES;
				CODE_SIGN_STYLE = Automatic;
				DEVELOPMENT_TEAM = Y7KQSL9272;
				INFOPLIST_FILE = TravelingUITests/Info.plist;
				LD_RUNPATH_SEARCH_PATHS = (
					"$(inherited)",
					"@executable_path/Frameworks",
					"@loader_path/Frameworks",
				);
				PRODUCT_BUNDLE_IDENTIFIER = com.ndl.TravelingUITests;
				PRODUCT_NAME = "$(TARGET_NAME)";
				SWIFT_VERSION = 5.0;
				TARGETED_DEVICE_FAMILY = "1,2";
				TEST_TARGET_NAME = Traveling;
			};
			name = Debug;
		};
		7FF9A08B23AB3291003440E0 /* Release */ = {
			isa = XCBuildConfiguration;
			buildSettings = {
				ALWAYS_EMBED_SWIFT_STANDARD_LIBRARIES = YES;
				CODE_SIGN_STYLE = Automatic;
				DEVELOPMENT_TEAM = Y7KQSL9272;
				INFOPLIST_FILE = TravelingUITests/Info.plist;
				LD_RUNPATH_SEARCH_PATHS = (
					"$(inherited)",
					"@executable_path/Frameworks",
					"@loader_path/Frameworks",
				);
				PRODUCT_BUNDLE_IDENTIFIER = com.ndl.TravelingUITests;
				PRODUCT_NAME = "$(TARGET_NAME)";
				SWIFT_VERSION = 5.0;
				TARGETED_DEVICE_FAMILY = "1,2";
				TEST_TARGET_NAME = Traveling;
			};
			name = Release;
		};
/* End XCBuildConfiguration section */

/* Begin XCConfigurationList section */
		7FF9A05623AB3290003440E0 /* Build configuration list for PBXProject "Traveling" */ = {
			isa = XCConfigurationList;
			buildConfigurations = (
				7FF9A08123AB3291003440E0 /* Debug */,
				7FF9A08223AB3291003440E0 /* Release */,
			);
			defaultConfigurationIsVisible = 0;
			defaultConfigurationName = Release;
		};
		7FF9A08323AB3291003440E0 /* Build configuration list for PBXNativeTarget "Traveling" */ = {
			isa = XCConfigurationList;
			buildConfigurations = (
				7FF9A08423AB3291003440E0 /* Debug */,
				7FF9A08523AB3291003440E0 /* Release */,
			);
			defaultConfigurationIsVisible = 0;
			defaultConfigurationName = Release;
		};
		7FF9A08623AB3291003440E0 /* Build configuration list for PBXNativeTarget "TravelingTests" */ = {
			isa = XCConfigurationList;
			buildConfigurations = (
				7FF9A08723AB3291003440E0 /* Debug */,
				7FF9A08823AB3291003440E0 /* Release */,
			);
			defaultConfigurationIsVisible = 0;
			defaultConfigurationName = Release;
		};
		7FF9A08923AB3291003440E0 /* Build configuration list for PBXNativeTarget "TravelingUITests" */ = {
			isa = XCConfigurationList;
			buildConfigurations = (
				7FF9A08A23AB3291003440E0 /* Debug */,
				7FF9A08B23AB3291003440E0 /* Release */,
			);
			defaultConfigurationIsVisible = 0;
			defaultConfigurationName = Release;
		};
/* End XCConfigurationList section */
	};
	rootObject = 7FF9A05323AB3290003440E0 /* Project object */;
}
